
Microsoft Visual Studio Solution File, Format Version 12.00
# Visual Studio Version 16
VisualStudioVersion = 16.0.31005.135
MinimumVisualStudioVersion = 10.0.40219.1
Project("{FAE04EC0-301F-11D3-BF4B-00C04F79EFBC}") = "WebApplication1", "WebApplication1\WebApplication1.csproj", "{413B0D92-A4CC-4BA8-A630-9A32809458ED}"
EndProject
Global
	GlobalSection(SolutionConfigurationPlatforms) = preSolution
		Debug|Any CPU = Debug|Any CPU
		Release|Any CPU = Release|Any CPU
	EndGlobalSection
	GlobalSection(ProjectConfigurationPlatforms) = postSolution
		{413B0D92-A4CC-4BA8-A630-9A32809458ED}.Debug|Any CPU.ActiveCfg = Debug|Any CPU
		{413B0D92-A4CC-4BA8-A630-9A32809458ED}.Debug|Any CPU.Build.0 = Debug|Any CPU
		{413B0D92-A4CC-4BA8-A630-9A32809458ED}.Release|Any CPU.ActiveCfg = Release|Any CPU
		{413B0D92-A4CC-4BA8-A630-9A32809458ED}.Release|Any CPU.Build.0 = Release|Any CPU
	EndGlobalSection
	GlobalSection(SolutionProperties) = preSolution
		HideSolutionNode = FALSE
	EndGlobalSection
	GlobalSection(ExtensibilityGlobals) = postSolution
		SolutionGuid = {89740520-C4A4-4416-9334-81996A2A33CA}
	EndGlobalSection
EndGlobal
